
Microsoft Visual Studio Solution File, Format Version 12.00
# Visual Studio 15
VisualStudioVersion = 15.0.28307.1340
MinimumVisualStudioVersion = 10.0.40219.1
Project("{FAE04EC0-301F-11D3-BF4B-00C04F79EFBC}") = "LMSProject.UI", "LMSProject.UI\LMSProject.UI.csproj", "{3B28A234-4AC6-4A60-ACAC-A8D72AEE85D6}"
EndProject
Project("{FAE04EC0-301F-11D3-BF4B-00C04F79EFBC}") = "LMSProject.DATA.EF", "LMSProject.DATA.EF\LMSProject.DATA.EF.csproj", "{328469CF-1375-40E9-AE84-67DA804AA019}"
EndProject
Global
	GlobalSection(SolutionConfigurationPlatforms) = preSolution
		Debug|Any CPU = Debug|Any CPU
		Release|Any CPU = Release|Any CPU
	EndGlobalSection
	GlobalSection(ProjectConfigurationPlatforms) = postSolution
		{3B28A234-4AC6-4A60-ACAC-A8D72AEE85D6}.Debug|Any CPU.ActiveCfg = Debug|Any CPU
		{3B28A234-4AC6-4A60-ACAC-A8D72AEE85D6}.Debug|Any CPU.Build.0 = Debug|Any CPU
		{3B28A234-4AC6-4A60-ACAC-A8D72AEE85D6}.Release|Any CPU.ActiveCfg = Release|Any CPU
		{3B28A234-4AC6-4A60-ACAC-A8D72AEE85D6}.Release|Any CPU.Build.0 = Release|Any CPU
		{328469CF-1375-40E9-AE84-67DA804AA019}.Debug|Any CPU.ActiveCfg = Debug|Any CPU
		{328469CF-1375-40E9-AE84-67DA804AA019}.Debug|Any CPU.Build.0 = Debug|Any CPU
		{328469CF-1375-40E9-AE84-67DA804AA019}.Release|Any CPU.ActiveCfg = Release|Any CPU
		{328469CF-1375-40E9-AE84-67DA804AA019}.Release|Any CPU.Build.0 = Release|Any CPU
	EndGlobalSection
	GlobalSection(SolutionProperties) = preSolution
		HideSolutionNode = FALSE
	EndGlobalSection
	GlobalSection(ExtensibilityGlobals) = postSolution
		SolutionGuid = {442DB495-28EA-4DB9-87FD-D31AC82D270D}
	EndGlobalSection
EndGlobal
